dependencies:
  espressif/cjson:
    component_hash: e788323270d90738662d66fffa910bfe1fba019bba087f01557e70c40485b469
    source:
      service_url: https://api.components.espressif.com/
      type: service
    version: 1.7.19~2
  espressif/dl_fft:
    component_hash: ced3cf28cc70452b7859c06f4e5059215167254a2047e34c893d6f501ccd6ea2
    source:
      service_url: https://api.components.espressif.com/
      type: service
    version: 0.4.0
  espressif/esp-dsp:
    component_hash: 12e44db246517a627bc0fe2b255b8335410c0215c98bfba2df5a8e3edea839ef
    source:
      service_url: https://api.components.espressif.com/
      type: service
    version: 1.8.0
  espressif/esp-nn:
    component_hash: e98a7dd3dfde460b1b4ca982e2ebae0b4831719a8e4659d19c145943deaf682b
    source:
      service_url: https://api.components.espressif.com/
      type: service
    version: 1.2.3
  espressif/esp-sr:
    component_hash: 91f54718b22328546502ed96c6b2e53033cb90d83a3fd87bc60d0b27a7cc841a
    source:
      service_url: https://api.components.espressif.com/
      type: service
    version: 2.4.2
  espressif/led_strip:
    component_hash: 28621486f77229aaf81c71f5e15d6fbf36c2949cf11094e07090593e659e7639
    source:
      service_url: https://api.components.espressif.com/
      type: service
    version: 3.0.3
  idf:
    component_hash: null
    source:
      type: idf
    version: 5.4.0
manifest_hash: 5438a7813b6ea8cdb95f70b8b3bdc723db600a37b19dc7385a1eddfd3121f401
target: esp32s3
version: 1.0.0
