dependencies:
  espressif/dl_fft:
    component_hash: 7dadbd644c0d7ba4733cc3726ec4cff6edf27b043725e1115861dec1609a3d28
    source:
      service_url: https://api.components.espressif.com/
      type: service
    version: 0.3.1
  espressif/esp-dsp:
    component_hash: 42dce32d46ac93dc11f60d368e29a830e9661c7345d794b8a45c343479cae636
    source:
      service_url: https://api.components.espressif.com/
      type: service
    version: 1.7.0
  espressif/esp-sr:
    component_hash: 46b1f70f8b561714b958d1c455213cca07162755d1b8df53498081199f15136f
    source:
      service_url: https://api.components.espressif.com/
      type: service
    version: 2.3.1
  espressif/led_strip:
    component_hash: 28621486f77229aaf81c71f5e15d6fbf36c2949cf11094e07090593e659e7639
    source:
      service_url: https://api.components.espressif.com/
      type: service
    version: 3.0.3
  idf:
    component_hash: null
    source:
      type: idf
    version: 5.4.0
manifest_hash: e0d25955711dc2f9fae9cca1a046f238cd9c808fef32ad0aa6ffd4c25f558178
target: esp32s3
version: 1.0.0
